
Microsoft Visual Studio Solution File, Format Version 12.00
# Visual Studio Version 17
VisualStudioVersion = 17.1.32319.34
MinimumVisualStudioVersion = 10.0.40219.1
Project("{FAE04EC0-301F-11D3-BF4B-00C04F79EFBC}") = "InspectionAPI", "InspectionAPI\InspectionAPI.csproj", "{715D6FFA-2F28-4D5C-946B-BB777A14FD41}"
EndProject
Global
	GlobalSection(SolutionConfigurationPlatforms) = preSolution
		Debug|Any CPU = Debug|Any CPU
		Release|Any CPU = Release|Any CPU
	EndGlobalSection
	GlobalSection(ProjectConfigurationPlatforms) = postSolution
		{715D6FFA-2F28-4D5C-946B-BB777A14FD41}.Debug|Any CPU.ActiveCfg = Debug|Any CPU
		{715D6FFA-2F28-4D5C-946B-BB777A14FD41}.Debug|Any CPU.Build.0 = Debug|Any CPU
		{715D6FFA-2F28-4D5C-946B-BB777A14FD41}.Release|Any CPU.ActiveCfg = Release|Any CPU
		{715D6FFA-2F28-4D5C-946B-BB777A14FD41}.Release|Any CPU.Build.0 = Release|Any CPU
	EndGlobalSection
	GlobalSection(SolutionProperties) = preSolution
		HideSolutionNode = FALSE
	EndGlobalSection
	GlobalSection(ExtensibilityGlobals) = postSolution
		SolutionGuid = {1A3E0760-EB19-4D05-8D82-2522912930B0}
	EndGlobalSection
EndGlobal
